
Microsoft Visual Studio Solution File, Format Version 12.00
# Visual Studio Version 17
VisualStudioVersion = 17.11.35208.52
MinimumVisualStudioVersion = 10.0.40219.1
Project("{9A19103F-16F7-4668-BE54-9A1E7A4F7556}") = "ZoopMod", "ZoopMod.csproj", "{8DEF0FE7-0E71-4232-90C5-72A869F24AEA}"
EndProject
Global
	GlobalSection(SolutionConfigurationPlatforms) = preSolution
		Debug|Any CPU = Debug|Any CPU
		Release|Any CPU = Release|Any CPU
	EndGlobalSection
	GlobalSection(ProjectConfigurationPlatforms) = postSolution
		{8DEF0FE7-0E71-4232-90C5-72A869F24AEA}.Debug|Any CPU.ActiveCfg = Debug|Any CPU
		{8DEF0FE7-0E71-4232-90C5-72A869F24AEA}.Debug|Any CPU.Build.0 = Debug|Any CPU
		{8DEF0FE7-0E71-4232-90C5-72A869F24AEA}.Release|Any CPU.ActiveCfg = Release|Any CPU
		{8DEF0FE7-0E71-4232-90C5-72A869F24AEA}.Release|Any CPU.Build.0 = Release|Any CPU
	EndGlobalSection
	GlobalSection(SolutionProperties) = preSolution
		HideSolutionNode = FALSE
	EndGlobalSection
EndGlobal
